("quicklisp" .
 (:class qlot/source/dist:source-dist
  :initargs (:distribution "https://beta.quicklisp.org/dist/quicklisp.txt" :%version :latest)
  :version "2023-10-21"))
("cl-isl" .
 (:class qlot/source/github:source-github
  :initargs (:repos "hikettei/cl-isl" :ref nil :branch nil :tag nil)
  :version "github-09315f9471337e2763fdb416d4e3b74b5bf073d9"))
