("quicklisp" .
 (:class qlot/source/dist:source-dist
  :initargs (:distribution "https://beta.quicklisp.org/dist/quicklisp.txt" :%version :latest)
  :version "2023-10-21"))
("cl-isl" .
 (:class qlot/source/github:source-github
  :initargs (:repos "hikettei/cl-isl" :ref nil :branch nil :tag nil)
  :version "github-83613bc6a2b377d418c00683dd72ec7ac027362b"))
